
Microsoft Visual Studio Solution File, Format Version 12.00
# Visual Studio 15
VisualStudioVersion = 15.0.28307.572
MinimumVisualStudioVersion = 10.0.40219.1
Project("{9A19103F-16F7-4668-BE54-9A1E7A4F7556}") = "Movie.ServiceHost.API", "Movie.ServiceHost.API\Movie.ServiceHost.API.csproj", "{78894B8C-0C6B-4F5C-BCFD-637FF54F0731}"
EndProject
Global
	GlobalSection(SolutionConfigurationPlatforms) = preSolution
		Debug|Any CPU = Debug|Any CPU
		Release|Any CPU = Release|Any CPU
	EndGlobalSection
	GlobalSection(ProjectConfigurationPlatforms) = postSolution
		{78894B8C-0C6B-4F5C-BCFD-637FF54F0731}.Debug|Any CPU.ActiveCfg = Debug|Any CPU
		{78894B8C-0C6B-4F5C-BCFD-637FF54F0731}.Debug|Any CPU.Build.0 = Debug|Any CPU
		{78894B8C-0C6B-4F5C-BCFD-637FF54F0731}.Release|Any CPU.ActiveCfg = Release|Any CPU
		{78894B8C-0C6B-4F5C-BCFD-637FF54F0731}.Release|Any CPU.Build.0 = Release|Any CPU
	EndGlobalSection
	GlobalSection(SolutionProperties) = preSolution
		HideSolutionNode = FALSE
	EndGlobalSection
	GlobalSection(ExtensibilityGlobals) = postSolution
		SolutionGuid = {F0EC251A-C4B1-45C7-8BD9-979D76B3EAA0}
	EndGlobalSection
EndGlobal
